
Microsoft Visual Studio Solution File, Format Version 12.00
# Visual Studio Version 17
VisualStudioVersion = 17.7.34202.233
MinimumVisualStudioVersion = 10.0.40219.1
Project("{FAE04EC0-301F-11D3-BF4B-00C04F79EFBC}") = "MovieStoreMvc", "MovieStoreMvc\MovieStoreMvc.csproj", "{E259D652-585F-4A1B-8920-EC559CC91EDC}"
EndProject
Global
	GlobalSection(SolutionConfigurationPlatforms) = preSolution
		Debug|Any CPU = Debug|Any CPU
		Release|Any CPU = Release|Any CPU
	EndGlobalSection
	GlobalSection(ProjectConfigurationPlatforms) = postSolution
		{E259D652-585F-4A1B-8920-EC559CC91EDC}.Debug|Any CPU.ActiveCfg = Debug|Any CPU
		{E259D652-585F-4A1B-8920-EC559CC91EDC}.Debug|Any CPU.Build.0 = Debug|Any CPU
		{E259D652-585F-4A1B-8920-EC559CC91EDC}.Release|Any CPU.ActiveCfg = Release|Any CPU
		{E259D652-585F-4A1B-8920-EC559CC91EDC}.Release|Any CPU.Build.0 = Release|Any CPU
	EndGlobalSection
	GlobalSection(SolutionProperties) = preSolution
		HideSolutionNode = FALSE
	EndGlobalSection
	GlobalSection(ExtensibilityGlobals) = postSolution
		SolutionGuid = {760280CD-5947-4DB9-B119-ADD355CD67AA}
	EndGlobalSection
EndGlobal
